
Microsoft Visual Studio Solution File, Format Version 12.00
# Visual Studio Version 17
VisualStudioVersion = 17.10.35201.131
MinimumVisualStudioVersion = 10.0.40219.1
Project("{9A19103F-16F7-4668-BE54-9A1E7A4F7556}") = "ST10187895_CLDV6212_POE_PART1", "ST10187895_CLDV6212_POE_PART1.csproj", "{7D1705E9-14A4-4690-8DD2-2341E19FAC8F}"
EndProject
Project("{FAE04EC0-301F-11D3-BF4B-00C04F79EFBC}") = "ST10187895_CLDV6212_POE", "..\ST10187895_CLDV6212_POE\ST10187895_CLDV6212_POE.csproj", "{B91D1FB4-5F5C-4E44-B18D-722AE48C9E8B}"
EndProject
Global
	GlobalSection(SolutionConfigurationPlatforms) = preSolution
		Debug|Any CPU = Debug|Any CPU
		Release|Any CPU = Release|Any CPU
	EndGlobalSection
	GlobalSection(ProjectConfigurationPlatforms) = postSolution
		{7D1705E9-14A4-4690-8DD2-2341E19FAC8F}.Debug|Any CPU.ActiveCfg = Debug|Any CPU
		{7D1705E9-14A4-4690-8DD2-2341E19FAC8F}.Debug|Any CPU.Build.0 = Debug|Any CPU
		{7D1705E9-14A4-4690-8DD2-2341E19FAC8F}.Release|Any CPU.ActiveCfg = Release|Any CPU
		{7D1705E9-14A4-4690-8DD2-2341E19FAC8F}.Release|Any CPU.Build.0 = Release|Any CPU
		{B91D1FB4-5F5C-4E44-B18D-722AE48C9E8B}.Debug|Any CPU.ActiveCfg = Debug|Any CPU
		{B91D1FB4-5F5C-4E44-B18D-722AE48C9E8B}.Debug|Any CPU.Build.0 = Debug|Any CPU
		{B91D1FB4-5F5C-4E44-B18D-722AE48C9E8B}.Release|Any CPU.ActiveCfg = Release|Any CPU
		{B91D1FB4-5F5C-4E44-B18D-722AE48C9E8B}.Release|Any CPU.Build.0 = Release|Any CPU
	EndGlobalSection
	GlobalSection(SolutionProperties) = preSolution
		HideSolutionNode = FALSE
	EndGlobalSection
	GlobalSection(ExtensibilityGlobals) = postSolution
		SolutionGuid = {D255A815-F8B8-40A0-8B1A-6D3D8D35C462}
	EndGlobalSection
EndGlobal
